
Microsoft Visual Studio Solution File, Format Version 12.00
# Visual Studio 15
VisualStudioVersion = 15.0.27130.2027
MinimumVisualStudioVersion = 10.0.40219.1
Project("{FAE04EC0-301F-11D3-BF4B-00C04F79EFBC}") = "BrodcastAlgorithm", "OS1\BrodcastAlgorithm.csproj", "{DE87836B-CD1C-4FD7-8DB9-C3D1C6B0ACB4}"
EndProject
Global
	GlobalSection(SolutionConfigurationPlatforms) = preSolution
		Debug|Any CPU = Debug|Any CPU
		Release|Any CPU = Release|Any CPU
	EndGlobalSection
	GlobalSection(ProjectConfigurationPlatforms) = postSolution
		{DE87836B-CD1C-4FD7-8DB9-C3D1C6B0ACB4}.Debug|Any CPU.ActiveCfg = Debug|Any CPU
		{DE87836B-CD1C-4FD7-8DB9-C3D1C6B0ACB4}.Debug|Any CPU.Build.0 = Debug|Any CPU
		{DE87836B-CD1C-4FD7-8DB9-C3D1C6B0ACB4}.Release|Any CPU.ActiveCfg = Release|Any CPU
		{DE87836B-CD1C-4FD7-8DB9-C3D1C6B0ACB4}.Release|Any CPU.Build.0 = Release|Any CPU
	EndGlobalSection
	GlobalSection(SolutionProperties) = preSolution
		HideSolutionNode = FALSE
	EndGlobalSection
	GlobalSection(ExtensibilityGlobals) = postSolution
		SolutionGuid = {2C56E5B5-71B7-4CAD-9B45-CF49AC2BECA9}
	EndGlobalSection
EndGlobal
